// !$*UTF8*$!
{
	archiveVersion = 1;
	classes = {
	};
	objectVersion = 46;
	objects = {

/* Begin PBXBuildFile section */
		654441121EC7F5C100327B93 /* FlickrAPITests.m in Sources */ = {isa = PBXBuildFile; fileRef = 654441111EC7F5C100327B93 /* FlickrAPITests.m */; };
		654441141EC807CA00327B93 /* PhotoTests.m in Sources */ = {isa = PBXBuildFile; fileRef = 654441131EC807CA00327B93 /* PhotoTests.m */; };
		654441171EC8290E00327B93 /* GalleryDataSource.m in Sources */ = {isa = PBXBuildFile; fileRef = 654441161EC8290E00327B93 /* GalleryDataSource.m */; };
		6544411B1EC832AE00327B93 /* PhotoCell.m in Sources */ = {isa = PBXBuildFile; fileRef = 6544411A1EC832AE00327B93 /* PhotoCell.m */; };
		654441231EC878BB00327B93 /* UIImageView+FlickrImageDownloader.m in Sources */ = {isa = PBXBuildFile; fileRef = 654441221EC878BB00327B93 /* UIImageView+FlickrImageDownloader.m */; };
		65BD2C7E1EC7178600C7527A /* main.m in Sources */ = {isa = PBXBuildFile; fileRef = 65BD2C7D1EC7178600C7527A /* main.m */; };
		65BD2C811EC7178600C7527A /* AppDelegate.m in Sources */ = {isa = PBXBuildFile; fileRef = 65BD2C801EC7178600C7527A /* AppDelegate.m */; };
		65BD2C871EC7178600C7527A /* Main.storyboard in Resources */ = {isa = PBXBuildFile; fileRef = 65BD2C851EC7178600C7527A /* Main.storyboard */; };
		65BD2C891EC7178600C7527A /* Assets.xcassets in Resources */ = {isa = PBXBuildFile; fileRef = 65BD2C881EC7178600C7527A /* Assets.xcassets */; };
		65BD2C8C1EC7178600C7527A /* LaunchScreen.storyboard in Resources */ = {isa = PBXBuildFile; fileRef = 65BD2C8A1EC7178600C7527A /* LaunchScreen.storyboard */; };
		65BD2CA71EC71FC500C7527A /* Photo.m in Sources */ = {isa = PBXBuildFile; fileRef = 65BD2CA61EC71FC500C7527A /* Photo.m */; };
		65BD2CAB1EC7349000C7527A /* SearchService.m in Sources */ = {isa = PBXBuildFile; fileRef = 65BD2CAA1EC7349000C7527A /* SearchService.m */; };
		65BD2CAD1EC73ADC00C7527A /* SearchServiceTests.m in Sources */ = {isa = PBXBuildFile; fileRef = 65BD2CAC1EC73ADC00C7527A /* SearchServiceTests.m */; };
		65BD2CB01EC74D1E00C7527A /* GalleryViewController.m in Sources */ = {isa = PBXBuildFile; fileRef = 65BD2CAF1EC74D1E00C7527A /* GalleryViewController.m */; };
		65BD2CB31EC755F900C7527A /* FlickrAPI.m in Sources */ = {isa = PBXBuildFile; fileRef = 65BD2CB21EC755F900C7527A /* FlickrAPI.m */; };
/* End PBXBuildFile section */

/* Begin PBXContainerItemProxy section */
		65BD2C931EC7178600C7527A /* PBXContainerItemProxy */ = {
			isa = PBXContainerItemProxy;
			containerPortal = 65BD2C711EC7178600C7527A /* Project object */;
			proxyType = 1;
			remoteGlobalIDString = 65BD2C781EC7178600C7527A;
			remoteInfo = FlickrViewer;
		};
/* End PBXContainerItemProxy section */

/* Begin PBXFileReference section */
		654441111EC7F5C100327B93 /* FlickrAPITests.m */ = {isa = PBXFileReference; fileEncoding = 4; lastKnownFileType = sourcecode.c.objc; path = FlickrAPITests.m; sourceTree = "<group>"; };
		654441131EC807CA00327B93 /* PhotoTests.m */ = {isa = PBXFileReference; fileEncoding = 4; lastKnownFileType = sourcecode.c.objc; path = PhotoTests.m; sourceTree = "<group>"; };
		654441151EC8290E00327B93 /* GalleryDataSource.h */ = {isa = PBXFileReference; fileEncoding = 4; lastKnownFileType = sourcecode.c.h; name = GalleryDataSource.h; path = ViewControllers/GalleryDataSource.h; sourceTree = "<group>"; };
		654441161EC8290E00327B93 /* GalleryDataSource.m */ = {isa = PBXFileReference; fileEncoding = 4; lastKnownFileType = sourcecode.c.objc; name = GalleryDataSource.m; path = ViewControllers/GalleryDataSource.m; sourceTree = "<group>"; };
		654441191EC832AE00327B93 /* PhotoCell.h */ = {isa = PBXFileReference; fileEncoding = 4; lastKnownFileType = sourcecode.c.h; name = PhotoCell.h; path = ViewControllers/CollectionCells/PhotoCell.h; sourceTree = "<group>"; };
		6544411A1EC832AE00327B93 /* PhotoCell.m */ = {isa = PBXFileReference; fileEncoding = 4; lastKnownFileType = sourcecode.c.objc; name = PhotoCell.m; path = ViewControllers/CollectionCells/PhotoCell.m; sourceTree = "<group>"; };
		654441211EC878BB00327B93 /* UIImageView+FlickrImageDownloader.h */ = {isa = PBXFileReference; fileEncoding = 4; lastKnownFileType = sourcecode.c.h; name = "UIImageView+FlickrImageDownloader.h"; path = "API/UIImageView+FlickrImageDownloader.h"; sourceTree = "<group>"; };
		654441221EC878BB00327B93 /* UIImageView+FlickrImageDownloader.m */ = {isa = PBXFileReference; fileEncoding = 4; lastKnownFileType = sourcecode.c.objc; name = "UIImageView+FlickrImageDownloader.m"; path = "API/UIImageView+FlickrImageDownloader.m"; sourceTree = "<group>"; };
		65BD2C791EC7178600C7527A /* FlickrViewer.app */ = {isa = PBXFileReference; explicitFileType = wrapper.application; includeInIndex = 0; path = FlickrViewer.app; sourceTree = BUILT_PRODUCTS_DIR; };
		65BD2C7D1EC7178600C7527A /* main.m */ = {isa = PBXFileReference; lastKnownFileType = sourcecode.c.objc; path = main.m; sourceTree = "<group>"; };
		65BD2C7F1EC7178600C7527A /* AppDelegate.h */ = {isa = PBXFileReference; lastKnownFileType = sourcecode.c.h; path = AppDelegate.h; sourceTree = "<group>"; };
		65BD2C801EC7178600C7527A /* AppDelegate.m */ = {isa = PBXFileReference; lastKnownFileType = sourcecode.c.objc; path = AppDelegate.m; sourceTree = "<group>"; };
		65BD2C861EC7178600C7527A /* Base */ = {isa = PBXFileReference; lastKnownFileType = file.storyboard; name = Base; path = Base.lproj/Main.storyboard; sourceTree = "<group>"; };
		65BD2C881EC7178600C7527A /* Assets.xcassets */ = {isa = PBXFileReference; lastKnownFileType = folder.assetcatalog; path = Assets.xcassets; sourceTree = "<group>"; };
		65BD2C8B1EC7178600C7527A /* Base */ = {isa = PBXFileReference; lastKnownFileType = file.storyboard; name = Base; path = Base.lproj/LaunchScreen.storyboard; sourceTree = "<group>"; };
		65BD2C8D1EC7178600C7527A /* Info.plist */ = {isa = PBXFileReference; lastKnownFileType = text.plist.xml; path = Info.plist; sourceTree = "<group>"; };
		65BD2C921EC7178600C7527A /* FlickrViewerTests.xctest */ = {isa = PBXFileReference; explicitFileType = wrapper.cfbundle; includeInIndex = 0; path = FlickrViewerTests.xctest; sourceTree = BUILT_PRODUCTS_DIR; };
		65BD2C981EC7178600C7527A /* Info.plist */ = {isa = PBXFileReference; lastKnownFileType = text.plist.xml; path = Info.plist; sourceTree = "<group>"; };
		65BD2CA31EC719D800C7527A /* FlickrViewerConfig.xcconfig */ = {isa = PBXFileReference; lastKnownFileType = text.xcconfig; name = FlickrViewerConfig.xcconfig; path = Config/FlickrViewerConfig.xcconfig; sourceTree = "<group>"; };
		65BD2CA51EC71FC500C7527A /* Photo.h */ = {isa = PBXFileReference; fileEncoding = 4; lastKnownFileType = sourcecode.c.h; name = Photo.h; path = Model/Photo.h; sourceTree = "<group>"; };
		65BD2CA61EC71FC500C7527A /* Photo.m */ = {isa = PBXFileReference; fileEncoding = 4; lastKnownFileType = sourcecode.c.objc; name = Photo.m; path = Model/Photo.m; sourceTree = "<group>"; };
		65BD2CA91EC7349000C7527A /* SearchService.h */ = {isa = PBXFileReference; fileEncoding = 4; lastKnownFileType = sourcecode.c.h; name = SearchService.h; path = API/SearchService.h; sourceTree = "<group>"; };
		65BD2CAA1EC7349000C7527A /* SearchService.m */ = {isa = PBXFileReference; fileEncoding = 4; lastKnownFileType = sourcecode.c.objc; name = SearchService.m; path = API/SearchService.m; sourceTree = "<group>"; };
		65BD2CAC1EC73ADC00C7527A /* SearchServiceTests.m */ = {isa = PBXFileReference; fileEncoding = 4; lastKnownFileType = sourcecode.c.objc; path = SearchServiceTests.m; sourceTree = "<group>"; };
		65BD2CAE1EC74D1E00C7527A /* GalleryViewController.h */ = {isa = PBXFileReference; fileEncoding = 4; lastKnownFileType = sourcecode.c.h; name = GalleryViewController.h; path = ViewControllers/GalleryViewController.h; sourceTree = "<group>"; };
		65BD2CAF1EC74D1E00C7527A /* GalleryViewController.m */ = {isa = PBXFileReference; fileEncoding = 4; lastKnownFileType = sourcecode.c.objc; name = GalleryViewController.m; path = ViewControllers/GalleryViewController.m; sourceTree = "<group>"; };
		65BD2CB11EC755F900C7527A /* FlickrAPI.h */ = {isa = PBXFileReference; fileEncoding = 4; lastKnownFileType = sourcecode.c.h; name = FlickrAPI.h; path = API/FlickrAPI.h; sourceTree = "<group>"; };
		65BD2CB21EC755F900C7527A /* FlickrAPI.m */ = {isa = PBXFileReference; fileEncoding = 4; lastKnownFileType = sourcecode.c.objc; name = FlickrAPI.m; path = API/FlickrAPI.m; sourceTree = "<group>"; };
/* End PBXFileReference section */

/* Begin PBXFrameworksBuildPhase section */
		65BD2C761EC7178600C7527A /* Frameworks */ = {
			isa = PBXFrameworksBuildPhase;
			buildActionMask = 2147483647;
			files = (
			);
			runOnlyForDeploymentPostprocessing = 0;
		};
		65BD2C8F1EC7178600C7527A /* Frameworks */ = {
			isa = PBXFrameworksBuildPhase;
			buildActionMask = 2147483647;
			files = (
			);
			runOnlyForDeploymentPostprocessing = 0;
		};
/* End PBXFrameworksBuildPhase section */

/* Begin PBXGroup section */
		654441181EC8328B00327B93 /* CollectionCells */ = {
			isa = PBXGroup;
			children = (
				654441191EC832AE00327B93 /* PhotoCell.h */,
				6544411A1EC832AE00327B93 /* PhotoCell.m */,
			);
			name = CollectionCells;
			sourceTree = "<group>";
		};
		65BD2C701EC7178600C7527A = {
			isa = PBXGroup;
			children = (
				65BD2C7B1EC7178600C7527A /* FlickrViewer */,
				65BD2C951EC7178600C7527A /* FlickrViewerTests */,
				65BD2C7A1EC7178600C7527A /* Products */,
			);
			sourceTree = "<group>";
		};
		65BD2C7A1EC7178600C7527A /* Products */ = {
			isa = PBXGroup;
			children = (
				65BD2C791EC7178600C7527A /* FlickrViewer.app */,
				65BD2C921EC7178600C7527A /* FlickrViewerTests.xctest */,
			);
			name = Products;
			sourceTree = "<group>";
		};
		65BD2C7B1EC7178600C7527A /* FlickrViewer */ = {
			isa = PBXGroup;
			children = (
				65BD2CA21EC7198500C7527A /* Config */,
				65BD2CA41EC71F5600C7527A /* Model */,
				65BD2CA81EC7337A00C7527A /* API */,
				65BD2CA11EC7197200C7527A /* ViewControllers */,
				65BD2C7F1EC7178600C7527A /* AppDelegate.h */,
				65BD2C801EC7178600C7527A /* AppDelegate.m */,
				65BD2C851EC7178600C7527A /* Main.storyboard */,
				65BD2C881EC7178600C7527A /* Assets.xcassets */,
				65BD2C8A1EC7178600C7527A /* LaunchScreen.storyboard */,
				65BD2C8D1EC7178600C7527A /* Info.plist */,
				65BD2C7C1EC7178600C7527A /* Supporting Files */,
			);
			path = FlickrViewer;
			sourceTree = "<group>";
		};
		65BD2C7C1EC7178600C7527A /* Supporting Files */ = {
			isa = PBXGroup;
			children = (
				65BD2C7D1EC7178600C7527A /* main.m */,
			);
			name = "Supporting Files";
			sourceTree = "<group>";
		};
		65BD2C951EC7178600C7527A /* FlickrViewerTests */ = {
			isa = PBXGroup;
			children = (
				65BD2C981EC7178600C7527A /* Info.plist */,
				654441111EC7F5C100327B93 /* FlickrAPITests.m */,
				65BD2CAC1EC73ADC00C7527A /* SearchServiceTests.m */,
				654441131EC807CA00327B93 /* PhotoTests.m */,
			);
			path = FlickrViewerTests;
			sourceTree = "<group>";
		};
		65BD2CA11EC7197200C7527A /* ViewControllers */ = {
			isa = PBXGroup;
			children = (
				654441181EC8328B00327B93 /* CollectionCells */,
				65BD2CAE1EC74D1E00C7527A /* GalleryViewController.h */,
				65BD2CAF1EC74D1E00C7527A /* GalleryViewController.m */,
				654441151EC8290E00327B93 /* GalleryDataSource.h */,
				654441161EC8290E00327B93 /* GalleryDataSource.m */,
			);
			name = ViewControllers;
			sourceTree = "<group>";
		};
		65BD2CA21EC7198500C7527A /* Config */ = {
			isa = PBXGroup;
			children = (
				65BD2CA31EC719D800C7527A /* FlickrViewerConfig.xcconfig */,
			);
			name = Config;
			sourceTree = "<group>";
		};
		65BD2CA41EC71F5600C7527A /* Model */ = {
			isa = PBXGroup;
			children = (
				65BD2CA51EC71FC500C7527A /* Photo.h */,
				65BD2CA61EC71FC500C7527A /* Photo.m */,
			);
			name = Model;
			sourceTree = "<group>";
		};
		65BD2CA81EC7337A00C7527A /* API */ = {
			isa = PBXGroup;
			children = (
				65BD2CA91EC7349000C7527A /* SearchService.h */,
				65BD2CAA1EC7349000C7527A /* SearchService.m */,
				65BD2CB11EC755F900C7527A /* FlickrAPI.h */,
				65BD2CB21EC755F900C7527A /* FlickrAPI.m */,
				654441211EC878BB00327B93 /* UIImageView+FlickrImageDownloader.h */,
				654441221EC878BB00327B93 /* UIImageView+FlickrImageDownloader.m */,
			);
			name = API;
			sourceTree = "<group>";
		};
/* End PBXGroup section */

/* Begin PBXNativeTarget section */
		65BD2C781EC7178600C7527A /* FlickrViewer */ = {
			isa = PBXNativeTarget;
			buildConfigurationList = 65BD2C9B1EC7178600C7527A /* Build configuration list for PBXNativeTarget "FlickrViewer" */;
			buildPhases = (
				65BD2C751EC7178600C7527A /* Sources */,
				65BD2C761EC7178600C7527A /* Frameworks */,
				65BD2C771EC7178600C7527A /* Resources */,
			);
			buildRules = (
			);
			dependencies = (
			);
			name = FlickrViewer;
			productName = FlickrViewer;
			productReference = 65BD2C791EC7178600C7527A /* FlickrViewer.app */;
			productType = "com.apple.product-type.application";
		};
		65BD2C911EC7178600C7527A /* FlickrViewerTests */ = {
			isa = PBXNativeTarget;
			buildConfigurationList = 65BD2C9E1EC7178600C7527A /* Build configuration list for PBXNativeTarget "FlickrViewerTests" */;
			buildPhases = (
				65BD2C8E1EC7178600C7527A /* Sources */,
				65BD2C8F1EC7178600C7527A /* Frameworks */,
				65BD2C901EC7178600C7527A /* Resources */,
			);
			buildRules = (
			);
			dependencies = (
				65BD2C941EC7178600C7527A /* PBXTargetDependency */,
			);
			name = FlickrViewerTests;
			productName = FlickrViewerTests;
			productReference = 65BD2C921EC7178600C7527A /* FlickrViewerTests.xctest */;
			productType = "com.apple.product-type.bundle.unit-test";
		};
/* End PBXNativeTarget section */

/* Begin PBXProject section */
		65BD2C711EC7178600C7527A /* Project object */ = {
			isa = PBXProject;
			attributes = {
				LastUpgradeCheck = 0830;
				ORGANIZATIONNAME = "Daniel Bowden";
				TargetAttributes = {
					65BD2C781EC7178600C7527A = {
						CreatedOnToolsVersion = 8.3.2;
						ProvisioningStyle = Automatic;
					};
					65BD2C911EC7178600C7527A = {
						CreatedOnToolsVersion = 8.3.2;
						ProvisioningStyle = Automatic;
						TestTargetID = 65BD2C781EC7178600C7527A;
					};
				};
			};
			buildConfigurationList = 65BD2C741EC7178600C7527A /* Build configuration list for PBXProject "FlickrViewer" */;
			compatibilityVersion = "Xcode 3.2";
			developmentRegion = English;
			hasScannedForEncodings = 0;
			knownRegions = (
				en,
				Base,
			);
			mainGroup = 65BD2C701EC7178600C7527A;
			productRefGroup = 65BD2C7A1EC7178600C7527A /* Products */;
			projectDirPath = "";
			projectRoot = "";
			targets = (
				65BD2C781EC7178600C7527A /* FlickrViewer */,
				65BD2C911EC7178600C7527A /* FlickrViewerTests */,
			);
		};
/* End PBXProject section */

/* Begin PBXResourcesBuildPhase section */
		65BD2C771EC7178600C7527A /* Resources */ = {
			isa = PBXResourcesBuildPhase;
			buildActionMask = 2147483647;
			files = (
				65BD2C8C1EC7178600C7527A /* LaunchScreen.storyboard in Resources */,
				65BD2C891EC7178600C7527A /* Assets.xcassets in Resources */,
				65BD2C871EC7178600C7527A /* Main.storyboard in Resources */,
			);
			runOnlyForDeploymentPostprocessing = 0;
		};
		65BD2C901EC7178600C7527A /* Resources */ = {
			isa = PBXResourcesBuildPhase;
			buildActionMask = 2147483647;
			files = (
			);
			runOnlyForDeploymentPostprocessing = 0;
		};
/* End PBXResourcesBuildPhase section */

/* Begin PBXSourcesBuildPhase section */
		65BD2C751EC7178600C7527A /* Sources */ = {
			isa = PBXSourcesBuildPhase;
			buildActionMask = 2147483647;
			files = (
				6544411B1EC832AE00327B93 /* PhotoCell.m in Sources */,
				65BD2CA71EC71FC500C7527A /* Photo.m in Sources */,
				65BD2C811EC7178600C7527A /* AppDelegate.m in Sources */,
				654441171EC8290E00327B93 /* GalleryDataSource.m in Sources */,
				65BD2CB31EC755F900C7527A /* FlickrAPI.m in Sources */,
				65BD2CAB1EC7349000C7527A /* SearchService.m in Sources */,
				65BD2C7E1EC7178600C7527A /* main.m in Sources */,
				654441231EC878BB00327B93 /* UIImageView+FlickrImageDownloader.m in Sources */,
				65BD2CB01EC74D1E00C7527A /* GalleryViewController.m in Sources */,
			);
			runOnlyForDeploymentPostprocessing = 0;
		};
		65BD2C8E1EC7178600C7527A /* Sources */ = {
			isa = PBXSourcesBuildPhase;
			buildActionMask = 2147483647;
			files = (
				654441121EC7F5C100327B93 /* FlickrAPITests.m in Sources */,
				654441141EC807CA00327B93 /* PhotoTests.m in Sources */,
				65BD2CAD1EC73ADC00C7527A /* SearchServiceTests.m in Sources */,
			);
			runOnlyForDeploymentPostprocessing = 0;
		};
/* End PBXSourcesBuildPhase section */

/* Begin PBXTargetDependency section */
		65BD2C941EC7178600C7527A /* PBXTargetDependency */ = {
			isa = PBXTargetDependency;
			target = 65BD2C781EC7178600C7527A /* FlickrViewer */;
			targetProxy = 65BD2C931EC7178600C7527A /* PBXContainerItemProxy */;
		};
/* End PBXTargetDependency section */

/* Begin PBXVariantGroup section */
		65BD2C851EC7178600C7527A /* Main.storyboard */ = {
			isa = PBXVariantGroup;
			children = (
				65BD2C861EC7178600C7527A /* Base */,
			);
			name = Main.storyboard;
			sourceTree = "<group>";
		};
		65BD2C8A1EC7178600C7527A /* LaunchScreen.storyboard */ = {
			isa = PBXVariantGroup;
			children = (
				65BD2C8B1EC7178600C7527A /* Base */,
			);
			name = LaunchScreen.storyboard;
			sourceTree = "<group>";
		};
/* End PBXVariantGroup section */

/* Begin XCBuildConfiguration section */
		65BD2C991EC7178600C7527A /* Debug */ = {
			isa = XCBuildConfiguration;
			buildSettings = {
				ALWAYS_SEARCH_USER_PATHS = NO;
				CLANG_ANALYZER_NONNULL = YES;
				CLANG_ANALYZER_NUMBER_OBJECT_CONVERSION = YES_AGGRESSIVE;
				CLANG_CXX_LANGUAGE_STANDARD = "gnu++0x";
				CLANG_CXX_LIBRARY = "libc++";
				CLANG_ENABLE_MODULES = YES;
				CLANG_ENABLE_OBJC_ARC = YES;
				CLANG_WARN_BOOL_CONVERSION = YES;
				CLANG_WARN_CONSTANT_CONVERSION = YES;
				CLANG_WARN_DIRECT_OBJC_ISA_USAGE = YES_ERROR;
				CLANG_WARN_DOCUMENTATION_COMMENTS = YES;
				CLANG_WARN_EMPTY_BODY = YES;
				CLANG_WARN_ENUM_CONVERSION = YES;
				CLANG_WARN_INFINITE_RECURSION = YES;
				CLANG_WARN_INT_CONVERSION = YES;
				CLANG_WARN_OBJC_ROOT_CLASS = YES_ERROR;
				CLANG_WARN_SUSPICIOUS_MOVE = YES;
				CLANG_WARN_UNREACHABLE_CODE = YES;
				CLANG_WARN__DUPLICATE_METHOD_MATCH = YES;
				"CODE_SIGN_IDENTITY[sdk=iphoneos*]" = "iPhone Developer";
				COPY_PHASE_STRIP = NO;
				DEBUG_INFORMATION_FORMAT = dwarf;
				ENABLE_STRICT_OBJC_MSGSEND = YES;
				ENABLE_TESTABILITY = YES;
				GCC_C_LANGUAGE_STANDARD = gnu99;
				GCC_DYNAMIC_NO_PIC = NO;
				GCC_NO_COMMON_BLOCKS = YES;
				GCC_OPTIMIZATION_LEVEL = 0;
				GCC_PREPROCESSOR_DEFINITIONS = (
					"DEBUG=1",
					"$(inherited)",
				);
				GCC_WARN_64_TO_32_BIT_CONVERSION = YES;
				GCC_WARN_ABOUT_RETURN_TYPE = YES_ERROR;
				GCC_WARN_UNDECLARED_SELECTOR = YES;
				GCC_WARN_UNINITIALIZED_AUTOS = YES_AGGRESSIVE;
				GCC_WARN_UNUSED_FUNCTION = YES;
				GCC_WARN_UNUSED_VARIABLE = YES;
				IPHONEOS_DEPLOYMENT_TARGET = 10.0;
				MTL_ENABLE_DEBUG_INFO = YES;
				ONLY_ACTIVE_ARCH = YES;
				SDKROOT = iphoneos;
				TARGETED_DEVICE_FAMILY = "1,2";
			};
			name = Debug;
		};
		65BD2C9A1EC7178600C7527A /* Release */ = {
			isa = XCBuildConfiguration;
			buildSettings = {
				ALWAYS_SEARCH_USER_PATHS = NO;
				CLANG_ANALYZER_NONNULL = YES;
				CLANG_ANALYZER_NUMBER_OBJECT_CONVERSION = YES_AGGRESSIVE;
				CLANG_CXX_LANGUAGE_STANDARD = "gnu++0x";
				CLANG_CXX_LIBRARY = "libc++";
				CLANG_ENABLE_MODULES = YES;
				CLANG_ENABLE_OBJC_ARC = YES;
				CLANG_WARN_BOOL_CONVERSION = YES;
				CLANG_WARN_CONSTANT_CONVERSION = YES;
				CLANG_WARN_DIRECT_OBJC_ISA_USAGE = YES_ERROR;
				CLANG_WARN_DOCUMENTATION_COMMENTS = YES;
				CLANG_WARN_EMPTY_BODY = YES;
				CLANG_WARN_ENUM_CONVERSION = YES;
				CLANG_WARN_INFINITE_RECURSION = YES;
				CLANG_WARN_INT_CONVERSION = YES;
				CLANG_WARN_OBJC_ROOT_CLASS = YES_ERROR;
				CLANG_WARN_SUSPICIOUS_MOVE = YES;
				CLANG_WARN_UNREACHABLE_CODE = YES;
				CLANG_WARN__DUPLICATE_METHOD_MATCH = YES;
				"CODE_SIGN_IDENTITY[sdk=iphoneos*]" = "iPhone Developer";
				COPY_PHASE_STRIP = NO;
				DEBUG_INFORMATION_FORMAT = "dwarf-with-dsym";
				ENABLE_NS_ASSERTIONS = NO;
				ENABLE_STRICT_OBJC_MSGSEND = YES;
				GCC_C_LANGUAGE_STANDARD = gnu99;
				GCC_NO_COMMON_BLOCKS = YES;
				GCC_WARN_64_TO_32_BIT_CONVERSION = YES;
				GCC_WARN_ABOUT_RETURN_TYPE = YES_ERROR;
				GCC_WARN_UNDECLARED_SELECTOR = YES;
				GCC_WARN_UNINITIALIZED_AUTOS = YES_AGGRESSIVE;
				GCC_WARN_UNUSED_FUNCTION = YES;
				GCC_WARN_UNUSED_VARIABLE = YES;
				IPHONEOS_DEPLOYMENT_TARGET = 10.0;
				MTL_ENABLE_DEBUG_INFO = NO;
				SDKROOT = iphoneos;
				TARGETED_DEVICE_FAMILY = "1,2";
				VALIDATE_PRODUCT = YES;
			};
			name = Release;
		};
		65BD2C9C1EC7178600C7527A /* Debug */ = {
			isa = XCBuildConfiguration;
			baseConfigurationReference = 65BD2CA31EC719D800C7527A /* FlickrViewerConfig.xcconfig */;
			buildSettings = {
				ASSETCATALOG_COMPILER_APPICON_NAME = AppIcon;
				INFOPLIST_FILE = FlickrViewer/Info.plist;
				IPHONEOS_DEPLOYMENT_TARGET = 10.0;
				LD_RUNPATH_SEARCH_PATHS = "$(inherited) @executable_path/Frameworks";
				PRODUCT_BUNDLE_IDENTIFIER = in.bowden.demo.FlickrViewer;
				PRODUCT_NAME = "$(TARGET_NAME)";
			};
			name = Debug;
		};
		65BD2C9D1EC7178600C7527A /* Release */ = {
			isa = XCBuildConfiguration;
			baseConfigurationReference = 65BD2CA31EC719D800C7527A /* FlickrViewerConfig.xcconfig */;
			buildSettings = {
				ASSETCATALOG_COMPILER_APPICON_NAME = AppIcon;
				INFOPLIST_FILE = FlickrViewer/Info.plist;
				IPHONEOS_DEPLOYMENT_TARGET = 10.0;
				LD_RUNPATH_SEARCH_PATHS = "$(inherited) @executable_path/Frameworks";
				PRODUCT_BUNDLE_IDENTIFIER = in.bowden.demo.FlickrViewer;
				PRODUCT_NAME = "$(TARGET_NAME)";
			};
			name = Release;
		};
		65BD2C9F1EC7178600C7527A /* Debug */ = {
			isa = XCBuildConfiguration;
			baseConfigurationReference = 65BD2CA31EC719D800C7527A /* FlickrViewerConfig.xcconfig */;
			buildSettings = {
				BUNDLE_LOADER = "$(TEST_HOST)";
				INFOPLIST_FILE = FlickrViewerTests/Info.plist;
				LD_RUNPATH_SEARCH_PATHS = "$(inherited) @executable_path/Frameworks @loader_path/Frameworks";
				PRODUCT_BUNDLE_IDENTIFIER = in.bowden.demo.FlickrViewerTests;
				PRODUCT_NAME = "$(TARGET_NAME)";
				TEST_HOST = "$(BUILT_PRODUCTS_DIR)/FlickrViewer.app/FlickrViewer";
			};
			name = Debug;
		};
		65BD2CA01EC7178600C7527A /* Release */ = {
			isa = XCBuildConfiguration;
			baseConfigurationReference = 65BD2CA31EC719D800C7527A /* FlickrViewerConfig.xcconfig */;
			buildSettings = {
				BUNDLE_LOADER = "$(TEST_HOST)";
				INFOPLIST_FILE = FlickrViewerTests/Info.plist;
				LD_RUNPATH_SEARCH_PATHS = "$(inherited) @executable_path/Frameworks @loader_path/Frameworks";
				PRODUCT_BUNDLE_IDENTIFIER = in.bowden.demo.FlickrViewerTests;
				PRODUCT_NAME = "$(TARGET_NAME)";
				TEST_HOST = "$(BUILT_PRODUCTS_DIR)/FlickrViewer.app/FlickrViewer";
			};
			name = Release;
		};
/* End XCBuildConfiguration section */

/* Begin XCConfigurationList section */
		65BD2C741EC7178600C7527A /* Build configuration list for PBXProject "FlickrViewer" */ = {
			isa = XCConfigurationList;
			buildConfigurations = (
				65BD2C991EC7178600C7527A /* Debug */,
				65BD2C9A1EC7178600C7527A /* Release */,
			);
			defaultConfigurationIsVisible = 0;
			defaultConfigurationName = Release;
		};
		65BD2C9B1EC7178600C7527A /* Build configuration list for PBXNativeTarget "FlickrViewer" */ = {
			isa = XCConfigurationList;
			buildConfigurations = (
				65BD2C9C1EC7178600C7527A /* Debug */,
				65BD2C9D1EC7178600C7527A /* Release */,
			);
			defaultConfigurationIsVisible = 0;
			defaultConfigurationName = Release;
		};
		65BD2C9E1EC7178600C7527A /* Build configuration list for PBXNativeTarget "FlickrViewerTests" */ = {
			isa = XCConfigurationList;
			buildConfigurations = (
				65BD2C9F1EC7178600C7527A /* Debug */,
				65BD2CA01EC7178600C7527A /* Release */,
			);
			defaultConfigurationIsVisible = 0;
			defaultConfigurationName = Release;
		};
/* End XCConfigurationList section */
	};
	rootObject = 65BD2C711EC7178600C7527A /* Project object */;
}
